
Microsoft Visual Studio Solution File, Format Version 12.00
# Visual Studio 14
VisualStudioVersion = 14.0.23107.0
MinimumVisualStudioVersion = 10.0.40219.1
Project("{2150E333-8FDC-42A3-9474-1A3956D46DE8}") = "src", "src", "{D8E0FC81-0F34-49E1-A2E5-0EE43C13501E}"
EndProject
Project("{2150E333-8FDC-42A3-9474-1A3956D46DE8}") = "Solution Items", "Solution Items", "{CA33A4B4-84E6-4DC5-93A9-9E065327609B}"
	ProjectSection(SolutionItems) = preProject
		global.json = global.json
	EndProjectSection
EndProject
Project("{8BB2217D-0F2D-49D1-97BC-3654ED321F3B}") = "MVC6Demo", "src\MVC6Demo\MVC6Demo.xproj", "{D7C607B7-8B1F-402B-A86F-5CFB64244F31}"
EndProject
Global
	GlobalSection(SolutionConfigurationPlatforms) = preSolution
		Debug|Any CPU = Debug|Any CPU
		Release|Any CPU = Release|Any CPU
	EndGlobalSection
	GlobalSection(ProjectConfigurationPlatforms) = postSolution
		{D7C607B7-8B1F-402B-A86F-5CFB64244F31}.Debug|Any CPU.ActiveCfg = Debug|Any CPU
		{D7C607B7-8B1F-402B-A86F-5CFB64244F31}.Debug|Any CPU.Build.0 = Debug|Any CPU
		{D7C607B7-8B1F-402B-A86F-5CFB64244F31}.Release|Any CPU.ActiveCfg = Release|Any CPU
		{D7C607B7-8B1F-402B-A86F-5CFB64244F31}.Release|Any CPU.Build.0 = Release|Any CPU
	EndGlobalSection
	GlobalSection(SolutionProperties) = preSolution
		HideSolutionNode = FALSE
	EndGlobalSection
	GlobalSection(NestedProjects) = preSolution
		{D7C607B7-8B1F-402B-A86F-5CFB64244F31} = {D8E0FC81-0F34-49E1-A2E5-0EE43C13501E}
	EndGlobalSection
EndGlobal
